Microsoft Visual Studio Solution File, Format Version 12.00
# Visual Studio 15
VisualStudioVersion = 15.0.26124.0
MinimumVisualStudioVersion = 15.0.26124.0
Project("{9A19103F-16F7-4668-BE54-9A1E7A4F7556}") = "CjClutter.ObjLoader.Loader", "CjClutter.ObjLoader.Loader\CjClutter.ObjLoader.Loader.csproj", "{8849CE54-F5D5-4ACB-8E3E-D893BD298F87}"
EndProject
Project("{9A19103F-16F7-4668-BE54-9A1E7A4F7556}") = "CjClutter.ObjLoader.Test", "CjClutter.ObjLoader.Test\CjClutter.ObjLoader.Test.csproj", "{300D4DE7-8D52-47A1-85F7-BF41B2EFDDC9}"
EndProject
Global
	GlobalSection(SolutionConfigurationPlatforms) = preSolution
		Debug|Any CPU = Debug|Any CPU
		Debug|x64 = Debug|x64
		Debug|x86 = Debug|x86
		Release|Any CPU = Release|Any CPU
		Release|x64 = Release|x64
		Release|x86 = Release|x86
	EndGlobalSection
	GlobalSection(ProjectConfigurationPlatforms) = postSolution
		{8849CE54-F5D5-4ACB-8E3E-D893BD298F87}.Debug|Any CPU.ActiveCfg = Debug|Any CPU
		{8849CE54-F5D5-4ACB-8E3E-D893BD298F87}.Debug|Any CPU.Build.0 = Debug|Any CPU
		{8849CE54-F5D5-4ACB-8E3E-D893BD298F87}.Debug|x64.ActiveCfg = Debug|Any CPU
		{8849CE54-F5D5-4ACB-8E3E-D893BD298F87}.Debug|x64.Build.0 = Debug|Any CPU
		{8849CE54-F5D5-4ACB-8E3E-D893BD298F87}.Debug|x86.ActiveCfg = Debug|Any CPU
		{8849CE54-F5D5-4ACB-8E3E-D893BD298F87}.Debug|x86.Build.0 = Debug|Any CPU
		{8849CE54-F5D5-4ACB-8E3E-D893BD298F87}.Release|Any CPU.ActiveCfg = Release|Any CPU
		{8849CE54-F5D5-4ACB-8E3E-D893BD298F87}.Release|Any CPU.Build.0 = Release|Any CPU
		{8849CE54-F5D5-4ACB-8E3E-D893BD298F87}.Release|x64.ActiveCfg = Release|Any CPU
		{8849CE54-F5D5-4ACB-8E3E-D893BD298F87}.Release|x64.Build.0 = Release|Any CPU
		{8849CE54-F5D5-4ACB-8E3E-D893BD298F87}.Release|x86.ActiveCfg = Release|Any CPU
		{8849CE54-F5D5-4ACB-8E3E-D893BD298F87}.Release|x86.Build.0 = Release|Any CPU
		{300D4DE7-8D52-47A1-85F7-BF41B2EFDDC9}.Debug|Any CPU.ActiveCfg = Debug|Any CPU
		{300D4DE7-8D52-47A1-85F7-BF41B2EFDDC9}.Debug|Any CPU.Build.0 = Debug|Any CPU
		{300D4DE7-8D52-47A1-85F7-BF41B2EFDDC9}.Debug|x64.ActiveCfg = Debug|Any CPU
		{300D4DE7-8D52-47A1-85F7-BF41B2EFDDC9}.Debug|x64.Build.0 = Debug|Any CPU
		{300D4DE7-8D52-47A1-85F7-BF41B2EFDDC9}.Debug|x86.ActiveCfg = Debug|Any CPU
		{300D4DE7-8D52-47A1-85F7-BF41B2EFDDC9}.Debug|x86.Build.0 = Debug|Any CPU
		{300D4DE7-8D52-47A1-85F7-BF41B2EFDDC9}.Release|Any CPU.ActiveCfg = Release|Any CPU
		{300D4DE7-8D52-47A1-85F7-BF41B2EFDDC9}.Release|Any CPU.Build.0 = Release|Any CPU
		{300D4DE7-8D52-47A1-85F7-BF41B2EFDDC9}.Release|x64.ActiveCfg = Release|Any CPU
		{300D4DE7-8D52-47A1-85F7-BF41B2EFDDC9}.Release|x64.Build.0 = Release|Any CPU
		{300D4DE7-8D52-47A1-85F7-BF41B2EFDDC9}.Release|x86.ActiveCfg = Release|Any CPU
		{300D4DE7-8D52-47A1-85F7-BF41B2EFDDC9}.Release|x86.Build.0 = Release|Any CPU
	EndGlobalSection
	GlobalSection(SolutionProperties) = preSolution
		HideSolutionNode = FALSE
	EndGlobalSection
	GlobalSection(ExtensibilityGlobals) = postSolution
		SolutionGuid = {BE8F9049-E559-4646-8B78-165C89F96873}
	EndGlobalSection
EndGlobal
